
Microsoft Visual Studio Solution File, Format Version 12.00
# Visual Studio Version 16
VisualStudioVersion = 16.0.29519.87
MinimumVisualStudioVersion = 10.0.40219.1
Project("{FAE04EC0-301F-11D3-BF4B-00C04F79EFBC}") = "FreePractice.ConsoleApp", "FreePractice.ConsoleApp\FreePractice.ConsoleApp.csproj", "{49BC5B2F-FC89-4833-BADC-6B1C90308030}"
EndProject
Global
	GlobalSection(SolutionConfigurationPlatforms) = preSolution
		Debug|Any CPU = Debug|Any CPU
		Release|Any CPU = Release|Any CPU
	EndGlobalSection
	GlobalSection(ProjectConfigurationPlatforms) = postSolution
		{49BC5B2F-FC89-4833-BADC-6B1C90308030}.Debug|Any CPU.ActiveCfg = Debug|Any CPU
		{49BC5B2F-FC89-4833-BADC-6B1C90308030}.Debug|Any CPU.Build.0 = Debug|Any CPU
		{49BC5B2F-FC89-4833-BADC-6B1C90308030}.Release|Any CPU.ActiveCfg = Release|Any CPU
		{49BC5B2F-FC89-4833-BADC-6B1C90308030}.Release|Any CPU.Build.0 = Release|Any CPU
	EndGlobalSection
	GlobalSection(SolutionProperties) = preSolution
		HideSolutionNode = FALSE
	EndGlobalSection
	GlobalSection(ExtensibilityGlobals) = postSolution
		SolutionGuid = {CEEF4F72-0D3C-42E3-B37E-0A084DC979DF}
	EndGlobalSection
EndGlobal
